{
    "version": 3,
    "terraform_version": "0.11.11",
    "serial": 1,
    "lineage": "955e660e-e59d-2d13-ac07-48f71679f1b5",
    "modules": [
        {
            "path": [
                "root"
            ],
            "outputs": {},
            "resources": {
                "google_container_cluster.gke-cluster": {
                    "type": "google_container_cluster",
                    "depends_on": [],
                    "primary": {
                        "id": "gke-cluster-1",
                        "attributes": {
                            "additional_zones.#": "0",
                            "addons_config.#": "1",
                            "addons_config.0.horizontal_pod_autoscaling.#": "0",
                            "addons_config.0.http_load_balancing.#": "0",
                            "addons_config.0.kubernetes_dashboard.#": "1",
                            "addons_config.0.kubernetes_dashboard.0.disabled": "true",
                            "addons_config.0.network_policy_config.#": "1",
                            "addons_config.0.network_policy_config.0.disabled": "true",
                            "cluster_autoscaling.#": "0",
                            "cluster_ipv4_cidr": "10.12.0.0/14",
                            "description": "",
                            "enable_binary_authorization": "false",
                            "enable_kubernetes_alpha": "false",
                            "enable_legacy_abac": "false",
                            "enable_tpu": "false",
                            "endpoint": "35.189.243.190",
                            "id": "gke-cluster-1",
                            "initial_node_count": "1",
                            "instance_group_urls.#": "1",
                            "instance_group_urls.0": "https://www.googleapis.com/compute/v1/projects/clarapcp-ea-ilyas-husein/zones/europe-west1-b/instanceGroups/gke-gke-cluster-1-default-pool-73f48771-grp",
                            "ip_allocation_policy.#": "0",
                            "logging_service": "logging.googleapis.com",
                            "maintenance_policy.#": "0",
                            "master_auth.#": "1",
                            "master_auth.0.client_certificate": "LS0tLS1CRUdJTiBDRVJUSUZJQ0FURS0tLS0tCk1JSUMyakNDQWNLZ0F3SUJBZ0lRSDJ0NGlWdzR0THovaDA0c0ZVRTA2VEFOQmdrcWhraUc5dzBCQVFzRkFEQXYKTVMwd0t3WURWUVFERXlRM1lqTmtOekJtT0Mwd01tTTRMVFJoTlRrdE9XSTBOaTFoTURka01qbG1NVEF6WlRRdwpIaGNOTVRrd01USTJNVEV6TXpFNVdoY05NalF3TVRJMU1URXpNekU1V2pBUk1ROHdEUVlEVlFRREV3WmpiR2xsCmJuUXdnZ0VpTUEwR0NTcUdTSWIzRFFFQkFRVUFBNElCRHdBd2dnRUtBb0lCQVFDM1diTEFObzRaZXR1QXp4VlcKTlpFci9KN21uOEFObFM0My9yVU5nUWw0SzJrRjByYnk1RFBqMXpDSlhwVEhpN20vUEIyZ3pqbVN2djN4RG9PdQpHRHNVUTdEZklXRXR3WXJIR2xKbXBpZnBaTGtFS093TnZLMExwZWw3RFNlSC90NDRieTV4VFM2cjlLNDRBZURmCjg3a085dFc1ckF1RjJnMUY1Ui9ZZkxtYVZQVVZKR056YmdyVFQ2R3RwSkpLSkVxQnM1UG01d052L0I5SkZPa3kKbGtQT0ZMVnExTVNJdzIxMURuVVUrMFdmWSsrYWJxUS9TUGRPWDRaOFJORmw3Yld2SWswRjF0ZlI2MDdnek94cQpsTm9LaDNxQ2pETCt6MWFCeUZHSTBnTWJMZXdUMUcxUEhOSk1rY3pZcXpzclZZeElCRCtYZGlKWGVIR05xU2h1CjJ6dFRBZ01CQUFHakVEQU9NQXdHQTFVZEV3RUIvd1FDTUFBd0RRWUpLb1pJaHZjTkFRRUxCUUFEZ2dFQkFGTUoKSjZjT21XMnpsMThiWXpUNHQrUmRBVG1kblRpYVF2SStRcXVBTHg2ekNldzlrbnptSVAyRzJDVER1WG92TW4ycApRay9sSHNZbDg0aWUzSWpOek9SemZpTXJKb2ZDYWZCaGk0M0UxeERHQ1Iwa3BDbUE5UjlRS1dXellybXJ4RUgyCkxIVE1nTWtxdWFUTE83VVpJb2JvY1o1OTZyWU9PeDhvU2QyaldVb2J6YWZpNjRlOXlsTHNZN0ZNUGJpQWExVU0KV2RuRWhiaW5xSFNMbTJKWXZYZzNpcDlwMW9RZXZzNkUzbC8yVXRtQ0tKNTVJM2kwbm4xVUdhWWFMeFFwTGxwSQp4MlFVVk9ISG9NV09VbURzWHE3RWNnVlVtb2FjRHFEMVN1Ly9zYlFxTnRTUWxRTEJtajhWejZYekZKbC9WVUh5CjVIaFBia0NzS2FjbyszcVpEeUU9Ci0tLS0tRU5EIENFUlRJRklDQVRFLS0tLS0K",
                            "master_auth.0.client_certificate_config.#": "0",
                            "master_auth.0.client_key": "LS0tLS1CRUdJTiBSU0EgUFJJVkFURSBLRVktLS0tLQpNSUlFb2dJQkFBS0NBUUVBdDFteXdEYU9HWHJiZ004VlZqV1JLL3llNXAvQURaVXVOLzYxRFlFSmVDdHBCZEsyCjh1UXo0OWN3aVY2VXg0dTV2endkb000NWtyNzk4UTZEcmhnN0ZFT3czeUZoTGNHS3h4cFNacVluNldTNUJDanMKRGJ5dEM2WHBldzBuaC83ZU9HOHVjVTB1cS9TdU9BSGczL081RHZiVnVhd0xoZG9OUmVVZjJIeTVtbFQxRlNSagpjMjRLMDAraHJhU1NTaVJLZ2JPVDV1Y0RiL3dmU1JUcE1wWkR6aFMxYXRURWlNTnRkUTUxRlB0Rm4yUHZtbTZrClAwajNUbCtHZkVUUlplMjFyeUpOQmRiWDBldE80TXpzYXBUYUNvZDZnb3d5L3M5V2djaFJpTklER3kzc0U5UnQKVHh6U1RKSE0yS3M3SzFXTVNBUS9sM1lpVjNoeGpha29idHM3VXdJREFRQUJBb0lCQUFIRWhSM1NTTk51WlBXeAp5V2hmM1lCRU9ybjBKS2l5TXFtMU5HOVJaUDNQYnFudzMvVCtoZVkybWJxeFQramo3Q0lGQlM5d011RGx6aWZ5Cm9RcTBKQm1zRkxxZlQrMnpnSHJaUWtoeXUwN0dPdnhvY3BkOVVBUEg1b292cWNlOHRDTENKbENrVXdTekRWenYKM2wybENXTTB0bGNkd0FJRjJmdm9XMjFvWW0wSTlzM01LRXpZNUxDWkhoUjhrWFNKeEM1T2tVUkFlOEhRTW10OQptSlNWWEJ6UEhTOVNZMTFEK3Y1UFdBL1AxcTRQT0E0amlMNDlJQUNSVWJINktBMStTOVpnN010T2dZMG9tTmk3CisxVDlYdjBUdVlFWVdkWGUrV3BGMVFLWDVDN3ZRMHdkdEZDeUU4UXgwc2dxM0RyTXpFWUhSV2VqcXY0UGlhc28KaFlsdW0rRUNnWUVBMmpOQWtPSStuWU05VEN1K0Yrazg2RDgvVDhsL2Q4M21Ndi9Mb0QwZ0prdjVPVXBWOUk3TwpjVzZDcHZSQXBYL25zMzNRZXp6M00wUDlicTNZeW5RbDVmWkk1Q3R2eW1Ua09UVVhFaEcrV2dXSU95b2N5RU11CmR1blR3Q2E4L1UxSUZETVJDWnJncmtDMUF6QnJSUDJhSEdNZjE3Q2dCUEpmRFlpQjZWMnlmVE1DZ1lFQTF4enMKNWpkTFRScnY5Um92S1lFR2JQZUlPWVRCc1RHYUhkZjNuVXZzQWdYM1Nzb3FIN3VPWHh0cEpjaTJYK0NXLzBKRApMZ2ZYdGtFV0JGK0ljY2Y1WU5aU0EwT2dDVTYyL25FWkJuUmY3ZGQyenFWb24reENKbmM5TG1xeXVXN0ZyRjhLClk3NmNQOElFZ1FBZE9lbUVjRy9xUFllNkdzM0JnczBZWU9yaENXRUNnWUFDQVJxRXVpOU5EeG1QQzQvUmRHa0UKMFIvcHdiWVVDYVlscmNmWER2aXVvV0FHc0xJZGJ2cGlmRnRpNFRkK3phLzVMQnl3SlIwNE1WV3dvSlF2TitYcApPTnZ1akorWVFsaitWWWlDdC9zQnBLOWRxOE5iNjVJUHNaSXFYN0M0dXU4QWtIK0ZrUkNqU1NEZ2lKOVRvT2k3CmZnV2EyNXA4c1NWQ1lKQ2c3aVZubFFLQmdBaEdVNUtUZy9FR1hUNm5jREwvaEpqQ2VOb0ZrbEhYbjU4UVJMVW4KUzMvVWJPdlNsUVk5ZDcrTzFWK2Z0ZXhBUG02NVJNNUxmTy9FMXl6NTQ4ekVyWUlkSEhDRnRHMUhPdURVeHVxcApwVnNIMDhrbE1iNGRIM3BOVWV3c0xJM1hoZ0VZY3RUZGF6TkVxbG13QUcvTzNNcGFjNzlFTGxPRG9MTUFZclN2CnRGSmhBb0dBQ1BDN0NoYkJXS2E4cnE5b0lJZ3hQU1ZGVlhCdWh5T1VqRjZhNHUwd3BhbVZSaFdnTGY3b3dkODYKMDdpWmlEcHVDYitVRmJNcHk4N1B4Zys5KzlkT29QZTNVQVNCSFZjTGsvcUJRMGdTUW8xRmVWQlpsbVhsRUpYRQoxalZ3YU9WeUl6c2lyNTVKbmFuU1BLNk8yMkVDMTg1MCtoWVM0R2xvMEhubjRIc093Sms9Ci0tLS0tRU5EIFJTQSBQUklWQVRFIEtFWS0tLS0tCg==",
                            "master_auth.0.cluster_ca_certificate": "LS0tLS1CRUdJTiBDRVJUSUZJQ0FURS0tLS0tCk1JSURERENDQWZTZ0F3SUJBZ0lSQUxGL1VYam11MW5pSkp3V3JrZWJsOUV3RFFZSktvWklodmNOQVFFTEJRQXcKTHpFdE1Dc0dBMVVFQXhNa04ySXpaRGN3WmpndE1ESmpPQzAwWVRVNUxUbGlORFl0WVRBM1pESTVaakV3TTJVMApNQjRYRFRFNU1ERXlOakV3TXpNeE4xb1hEVEkwTURFeU5URXhNek14TjFvd0x6RXRNQ3NHQTFVRUF4TWtOMkl6ClpEY3daamd0TURKak9DMDBZVFU1TFRsaU5EWXRZVEEzWkRJNVpqRXdNMlUwTUlJQklqQU5CZ2txaGtpRzl3MEIKQVFFRkFBT0NBUThBTUlJQkNnS0NBUUVBc0pNaGdhelJNOVJCbE0vNkJ4SGVpeVdPVGZsdnpHTW50TnRaaG1reApCRnFSV0U4cy9YOU4rUDVUNnZrb3I1Q1pUd2NiRlBlWkVaOGc4UnpXWU9LQlNSRmJDbm1UMDc1YTlnN1VKME9oCmJoSnVNUVQ0SzVSdFlJNU9FdGdyazZ6Y2lPWjZqMUtOczZXOWFUWTVTaUFhSDYwQ1JLTzdqdlY5MyszTmN1bGcKbzc0Tm1Tb1lCMEpPeXFyY002VVdRdmszSWVnNlZrSGh0Zk83TGJ1RGN2dW5nODZqcHJnWUFGUzV6OWh3d245cgp1eHFPaDFHcDZFaFRVaURBdmJ1SFpIMzIrbmV4dHp6SkJiWVFqbDMxdjVTSHdJMUR6SmdDdzRIOUZOQllGa05BCjRjVDFjb213U1lsZkY2aXQzNWRsZjFzQUpJRkQxSmFFYXU0WHU4VkFJSlFGS1FJREFRQUJveU13SVRBT0JnTlYKSFE4QkFmOEVCQU1DQWdRd0R3WURWUjBUQVFIL0JBVXdBd0VCL3pBTkJna3Foa2lHOXcwQkFRc0ZBQU9DQVFFQQpVa3hTeXlyVERlMEo4bFVDRGRDaFl4ZEl2UmJ1UkNCUTdBR1pFZkpXQnZLM0t2cmFnamZBSHRPcFJxSDhzZ2VCCnV3U0NDdjhWOU1Mek5SY05pRlB6bGdzYXkwbmF2eTYxZnlOemRmWUdjSmQvVFFEMFdramhVMlhDZE9MQVB5a0MKM2hoVHBRNGFTL2lkRG5jbnd0TCtDMDFWZ0VoN25JUyt2dVB6dnRvYkY4cmpNaXNVbmJpYnBSU3E3R1l6ek53MQp5dWtKVmowbnErNVVJNlRBL2kzMnozOXJ6ZHBvQUVFbzNlQXg3c0dDUUU4cm9QNVlrSkxIYzdabXErWlBzN01YCmpJck9BRHBDVGEzUUtVSHJRRmJsNWl2aDBHa2Z6Skw3cVdxbXcwZmRFdElNakdnODlKSzl6Q1VIYTQyeW1rWWoKMm5lU3ZEM09vajU1U2RqZGVpTHpCZz09Ci0tLS0tRU5EIENFUlRJRklDQVRFLS0tLS0K",
                            "master_auth.0.password": "yHbY5VvkzMtWGcXh",
                            "master_auth.0.username": "admin",
                            "master_authorized_networks_config.#": "0",
                            "master_ipv4_cidr_block": "",
                            "master_version": "1.10.11-gke.1",
                            "monitoring_service": "monitoring.googleapis.com",
                            "name": "gke-cluster-1",
                            "network": "projects/clarapcp-ea-ilyas-husein/global/networks/claranet-test",
                            "network_policy.#": "1",
                            "network_policy.0.enabled": "false",
                            "network_policy.0.provider": "PROVIDER_UNSPECIFIED",
                            "node_config.#": "1",
                            "node_config.0.disk_size_gb": "100",
                            "node_config.0.disk_type": "pd-standard",
                            "node_config.0.guest_accelerator.#": "0",
                            "node_config.0.image_type": "COS",
                            "node_config.0.labels.%": "1",
                            "node_config.0.labels.this-is-for": "dev-cluster",
                            "node_config.0.local_ssd_count": "0",
                            "node_config.0.machine_type": "n1-standard-1",
                            "node_config.0.metadata.%": "0",
                            "node_config.0.min_cpu_platform": "",
                            "node_config.0.oauth_scopes.#": "4",
                            "node_config.0.oauth_scopes.1277378754": "https://www.googleapis.com/auth/monitoring",
                            "node_config.0.oauth_scopes.1632638332": "https://www.googleapis.com/auth/devstorage.read_only",
                            "node_config.0.oauth_scopes.172152165": "https://www.googleapis.com/auth/logging.write",
                            "node_config.0.oauth_scopes.299962681": "https://www.googleapis.com/auth/compute",
                            "node_config.0.preemptible": "false",
                            "node_config.0.service_account": "default",
                            "node_config.0.tags.#": "3",
                            "node_config.0.tags.0": "jenkins",
                            "node_config.0.tags.1": "ssh",
                            "node_config.0.tags.2": "http-server",
                            "node_config.0.taint.#": "0",
                            "node_config.0.workload_metadata_config.#": "0",
                            "node_pool.#": "1",
                            "node_pool.0.autoscaling.#": "0",
                            "node_pool.0.initial_node_count": "1",
                            "node_pool.0.instance_group_urls.#": "1",
                            "node_pool.0.instance_group_urls.0": "https://www.googleapis.com/compute/v1/projects/clarapcp-ea-ilyas-husein/zones/europe-west1-b/instanceGroupManagers/gke-gke-cluster-1-default-pool-73f48771-grp",
                            "node_pool.0.management.#": "1",
                            "node_pool.0.management.0.auto_repair": "false",
                            "node_pool.0.management.0.auto_upgrade": "false",
                            "node_pool.0.max_pods_per_node": "0",
                            "node_pool.0.name": "default-pool",
                            "node_pool.0.name_prefix": "",
                            "node_pool.0.node_config.#": "1",
                            "node_pool.0.node_config.0.disk_size_gb": "100",
                            "node_pool.0.node_config.0.disk_type": "pd-standard",
                            "node_pool.0.node_config.0.guest_accelerator.#": "0",
                            "node_pool.0.node_config.0.image_type": "COS",
                            "node_pool.0.node_config.0.labels.%": "1",
                            "node_pool.0.node_config.0.labels.this-is-for": "dev-cluster",
                            "node_pool.0.node_config.0.local_ssd_count": "0",
                            "node_pool.0.node_config.0.machine_type": "n1-standard-1",
                            "node_pool.0.node_config.0.metadata.%": "0",
                            "node_pool.0.node_config.0.min_cpu_platform": "",
                            "node_pool.0.node_config.0.oauth_scopes.#": "4",
                            "node_pool.0.node_config.0.oauth_scopes.1277378754": "https://www.googleapis.com/auth/monitoring",
                            "node_pool.0.node_config.0.oauth_scopes.1632638332": "https://www.googleapis.com/auth/devstorage.read_only",
                            "node_pool.0.node_config.0.oauth_scopes.172152165": "https://www.googleapis.com/auth/logging.write",
                            "node_pool.0.node_config.0.oauth_scopes.299962681": "https://www.googleapis.com/auth/compute",
                            "node_pool.0.node_config.0.preemptible": "false",
                            "node_pool.0.node_config.0.service_account": "default",
                            "node_pool.0.node_config.0.tags.#": "3",
                            "node_pool.0.node_config.0.tags.0": "jenkins",
                            "node_pool.0.node_config.0.tags.1": "ssh",
                            "node_pool.0.node_config.0.tags.2": "http-server",
                            "node_pool.0.node_config.0.taint.#": "0",
                            "node_pool.0.node_config.0.workload_metadata_config.#": "0",
                            "node_pool.0.node_count": "1",
                            "node_pool.0.version": "1.10.11-gke.1",
                            "node_version": "1.10.11-gke.1",
                            "pod_security_policy_config.#": "0",
                            "private_cluster": "false",
                            "private_cluster_config.#": "0",
                            "project": "clarapcp-ea-ilyas-husein",
                            "resource_labels.%": "0",
                            "subnetwork": "projects/clarapcp-ea-ilyas-husein/regions/europe-west1/subnetworks/claranet-test",
                            "zone": "europe-west1-b"
                        },
                        "meta": {
                            "e2bfb730-ecaa-11e6-8f88-34363bc7c4c0": {
                                "create": 1800000000000,
                                "delete": 1800000000000,
                                "update": 600000000000
                            },
                            "schema_version": "1"
                        },
                        "tainted": false
                    },
                    "deposed": [],
                    "provider": "provider.google"
                }
            },
            "depends_on": []
        }
    ]
}
