{
    "version": 3,
    "terraform_version": "0.11.11",
    "serial": 5,
    "lineage": "955e660e-e59d-2d13-ac07-48f71679f1b5",
    "modules": [
        {
            "path": [
                "root"
            ],
            "outputs": {},
            "resources": {
                "google_container_cluster.gke-cluster": {
                    "type": "google_container_cluster",
                    "depends_on": [],
                    "primary": {
                        "id": "gke-cluster-1",
                        "attributes": {
                            "additional_zones.#": "0",
                            "addons_config.#": "1",
                            "addons_config.0.horizontal_pod_autoscaling.#": "0",
                            "addons_config.0.http_load_balancing.#": "0",
                            "addons_config.0.kubernetes_dashboard.#": "1",
                            "addons_config.0.kubernetes_dashboard.0.disabled": "true",
                            "addons_config.0.network_policy_config.#": "1",
                            "addons_config.0.network_policy_config.0.disabled": "true",
                            "cluster_autoscaling.#": "0",
                            "cluster_ipv4_cidr": "10.12.0.0/14",
                            "description": "",
                            "enable_binary_authorization": "false",
                            "enable_kubernetes_alpha": "false",
                            "enable_legacy_abac": "false",
                            "enable_tpu": "false",
                            "endpoint": "35.240.26.54",
                            "id": "gke-cluster-1",
                            "initial_node_count": "3",
                            "instance_group_urls.#": "1",
                            "instance_group_urls.0": "https://www.googleapis.com/compute/v1/projects/clarapcp-ea-ilyas-husein/zones/europe-west1-b/instanceGroups/gke-gke-cluster-1-default-pool-bab04969-grp",
                            "ip_allocation_policy.#": "0",
                            "logging_service": "logging.googleapis.com",
                            "maintenance_policy.#": "0",
                            "master_auth.#": "1",
                            "master_auth.0.client_certificate": "LS0tLS1CRUdJTiBDRVJUSUZJQ0FURS0tLS0tCk1JSUMyekNDQWNPZ0F3SUJBZ0lSQUlsdTc4SWZsY1FuYzVCM3crbGc2dmd3RFFZSktvWklodmNOQVFFTEJRQXcKTHpFdE1Dc0dBMVVFQXhNa1lqVTJOMkl5WWpRdE16bGhaQzAwWlROaUxUaGhaR0l0TlRsa1lUQXhPREEyWmpsaApNQjRYRFRFNU1ERXlOekU1TXpZd05Wb1hEVEkwTURFeU5qRTVNell3TlZvd0VURVBNQTBHQTFVRUF4TUdZMnhwClpXNTBNSUlCSWpBTkJna3Foa2lHOXcwQkFRRUZBQU9DQVE4QU1JSUJDZ0tDQVFFQXR2TjRRUkRRV3RzYmlzcGUKZ3R1VkxkeHJlKzJzWWRGd2h0MHg0cE84MThyaWE0L3pEdWRpcTd6Y3ZXQUFqdHdxY25QVC9jSUUySHhtWGRvSwpUMWtWbVFHY1FNc01TN3VwVXkycXE0WEVlQTNvY0U0RWxRbElWQ0tFbHZHWjlTUzZOeHFEZU1VOGFjc3psSUlKClQxY25pb1A3Z0NEZmlWRU1TdFRVM0N6UThFckN5K2ZuWmRKQ0xaQi96bStCRXpqNFVJMkYybitNMkNMSS9nMWQKOXBTNFJnMUdLQytjQlFCRElQYlpMYlJaQTVtNFZmR1llQlI2bDVHTXZBL3Z4OTg4VWhTTFdHcXpKMjNGeEFpSwpJVTNMR0VkTzlJT2pydUFoT0pEcU5UL29QME03ajFOYnhQRnFSL01IbmZpYXN1QmhnaXVWRDVuZ1MrUHllS2R2CkNIUS9td0lEQVFBQm94QXdEakFNQmdOVkhSTUJBZjhFQWpBQU1BMEdDU3FHU0liM0RRRUJDd1VBQTRJQkFRQUoKeTA2UmlCZjZqaGIyRDZ1dTVVNUZqNkp2WXpYVTZWQnlQcG4xaHZoV1RkZTI4SnBlOVhPVFNXbEdIOGRyeTNXawpaN3dHVG9ER2dZWDUzSjJoKzZCTDA0YmxMN25lRERPTkhNNFlLTDN6Q1JkTVdBY2hwWnRFZCtkaVc1ZzFoWm5PCmRhNUtCV0FyeVUvRnRJM281dUhOWjdEd29lNTkzUUxXTHEwSGZXQXNxZXU0QmZhdmMrV29ub0ppT2IyUXJZQVMKdDk0cFcvVjZBaDhmYitqZWtGZTEyTlpZNjdyUDZZWTV4MCtzaW44aE9FOHVudXR1ZGNIQ1AzL3FYK0Fwd1FhZwpjL2U3R2pUaFdGazFMdUtMeHpHeXZBQzRnWmJseEtZbnVWUlZrWHJTS0ZERWlOM2l0eTQwQkFyMWpFSldNenlaCmFITTJETTNvem4zS1hkVVZGc2ZLCi0tLS0tRU5EIENFUlRJRklDQVRFLS0tLS0K",
                            "master_auth.0.client_certificate_config.#": "0",
                            "master_auth.0.client_key": "LS0tLS1CRUdJTiBSU0EgUFJJVkFURSBLRVktLS0tLQpNSUlFb3dJQkFBS0NBUUVBdHZONFFSRFFXdHNiaXNwZWd0dVZMZHhyZSsyc1lkRndodDB4NHBPODE4cmlhNC96CkR1ZGlxN3pjdldBQWp0d3FjblBUL2NJRTJIeG1YZG9LVDFrVm1RR2NRTXNNUzd1cFV5MnFxNFhFZUEzb2NFNEUKbFFsSVZDS0VsdkdaOVNTNk54cURlTVU4YWNzemxJSUpUMWNuaW9QN2dDRGZpVkVNU3RUVTNDelE4RXJDeStmbgpaZEpDTFpCL3ptK0JFemo0VUkyRjJuK00yQ0xJL2cxZDlwUzRSZzFHS0MrY0JRQkRJUGJaTGJSWkE1bTRWZkdZCmVCUjZsNUdNdkEvdng5ODhVaFNMV0dxekoyM0Z4QWlLSVUzTEdFZE85SU9qcnVBaE9KRHFOVC9vUDBNN2oxTmIKeFBGcVIvTUhuZmlhc3VCaGdpdVZENW5nUytQeWVLZHZDSFEvbXdJREFRQUJBb0lCQUJrcy91YmhRL0xFeFJELwowU3Fyd2VjYU5uWksyaFpwNWxUQXVwMGwzRzVMbm9YVHZNeFh2Z1hKQ3cxS1dUbFBoYzNUTDZCell3eFJiaHJMCkp2RU5Yc0g3N1Q4alVmRllCVENMajdsandvb015K2dzYkVnQUM0SjhiNGQvL3NJenlDWk9FVHA4MWRmdkhRMTYKS1lMUUNRSndNQnROS3NXd01BTmFMMktQRGorS3BnaWpDdnZJM2FBd1FhR3VGUUlIOWtUcWM4L0lMSFd3QlltSAoyY0twWnp5bkY5NzBNNmxocWx5ZjhhM2x1Mi9tOWF2LzZ1RVRKQXpjTzJOQXdTbUxTNitUWEpWbEozOHczRzJUCjhlL2xybEdZSUtHeHZNZTViaThpMmdtNWdCQXBtL0xDc3pNWGtwSXVUMGZucEY2RDlMTU1IWWJkOXBrUHU5ckEKY2JMdWRaVUNnWUVBK01JbmZIa2VjbG5LSmhIeEk4LzU1YnlUN1JEWXBYUDhNc3RJNW9jT3I2Y21TUXIvS0lTRgpQL3FpOXBLOWg4MHlaRVZ6N3FnYmU2MkRsMVYwQ1IyTVZRaG1KWEpEa3FHSGhqQk9aQzJpN0puRUdrL0RvT2pzCjd1aU40dUJPUHpTL2V3L25wL2h6N1IraXU4Zm1LdnM3bXZKdy9xcmtnMmJEam5TdmdHMUNwdWNDZ1lFQXZFYmsKb29teUt3QjQyTytxN05ZYVNqUThrVDZhWkplTytGN0JRQ3JsUWZrbGdpaUhCb1o1a21mMk94YmJsZUc3Ri9qaQpvdGdFLytFZWZJaURHN0krcUZ3SUVMRGRpZ1k4cXB2SzJtRFo2YmFNVnV6QlRabWVmcm5jME9ZNUVsSUs4QVVPCjZNbVBCdUV1ZGdwTis0NldqL0pPQ1hUNVZabGVhcXdseW91VHJ5MENnWUVBa0VrbFdCaDBwWVVaTUozRmphMHIKV0tyWjdtNlFDdC9NajdYRHNocnlWTVlSK2RvTUIvZGR4cTljNk1KU2RydDVtQm1FMWcvaDZRbkt3dk9JMjJTdApLZ0UySmxBeGk1SnZwbERNbDJTMUZLRlgwcDhqYkdqT1RRRE1rNlRoSGQ0OWxtYXlTb1pjejFSRE1zSU82aTFRCjlGM2RWb25QQTd5T2YwbUZKbXU1ZGs4Q2dZQUZMcjVrYXYzb2lSN0tlZTV1am9ZeXZMVmVHaWNOMWM0dHNBNEoKd2lTRmFHSkw3dW1vbUZNSVlLdzZmQ3FYT1p0NDBYVUxubjZrdklHbVUrdW4rNFFXQmxLQ2d4dldETTNtdEZzbApINzFmM1pLSFlnVUFLZFpmRHFheGFXVHd5Q2xjNmdhN0NiRlNNeWlnUHpCZVdGSjBxK3JSLzlKTk5PZVFjQ1NxCktxVnFFUUtCZ0FobTE3Wk1vUXEyUVgzWis1dUZWVEV0ZVdRVURtek91MkpXdXpCVUtwSXdzSUpMT1orMDJncGEKUTdOYk9HSDZIVnIvWG8rSFRTTVpLdEV4dTlNdGZzNmFjQ3pndzFQb2x2Y250OWtvQ00xc3lmbkZTOTdHTmZWdAp4NUFtQUdTWENsdTVJanRZZE1qZEY1UVE0cVcvYy9iK2RGWkxZY0xGWWhqYWpvY2h3M1NqCi0tLS0tRU5EIFJTQSBQUklWQVRFIEtFWS0tLS0tCg==",
                            "master_auth.0.cluster_ca_certificate": "LS0tLS1CRUdJTiBDRVJUSUZJQ0FURS0tLS0tCk1JSURERENDQWZTZ0F3SUJBZ0lSQU9MaVplenZUdlVPdTJySGdUZlBMWm93RFFZSktvWklodmNOQVFFTEJRQXcKTHpFdE1Dc0dBMVVFQXhNa1lqVTJOMkl5WWpRdE16bGhaQzAwWlROaUxUaGhaR0l0TlRsa1lUQXhPREEyWmpsaApNQjRYRFRFNU1ERXlOekU0TXpZd05Gb1hEVEkwTURFeU5qRTVNell3TkZvd0x6RXRNQ3NHQTFVRUF4TWtZalUyCk4ySXlZalF0TXpsaFpDMDBaVE5pTFRoaFpHSXROVGxrWVRBeE9EQTJaamxoTUlJQklqQU5CZ2txaGtpRzl3MEIKQVFFRkFBT0NBUThBTUlJQkNnS0NBUUVBb09FMzQ3a2J6Z2pXVU1HTW9VUjJwTUg5RWc1cERqRHBJWHQyd0ZDZApmNTFmem5ubTZPTTZvdWw2ak90a0IyN1llR0dmMndvdVVaSnVoaXlwVzc1SDdBUWk4OFBVdk9jL3IvdWt4dnU4CkhaODl3TW1iTnVuVDdYOUd4T3V5RHBxL0F6WVlBY0x3ZVo5N1BrY1B0a2I1Wmg0cGZaY3U5Wmtnc3hCaTB0U3AKd2ZxOGxMS01CakFteU5FTWN0YVFUNzhiUmtJTXJPb3pZNTJlOWVBK0xBK1dVcEtNb1JUZHh2M1ptZFcydVhVZQpEdUI1VFpyU0xnRm1JNWtGWGRicWJ0M1NIVTZQOExHWlB1dzNnV2QxWS9GdkhQN3IzcFBicFl1YUdPMzg0QTUxCkRBRzZFNm9makovRmthNGh2WjNWQ2tFV1NMWFVVZDZILzkySU5sVWZEdUp2SHdJREFRQUJveU13SVRBT0JnTlYKSFE4QkFmOEVCQU1DQWdRd0R3WURWUjBUQVFIL0JBVXdBd0VCL3pBTkJna3Foa2lHOXcwQkFRc0ZBQU9DQVFFQQpCajJLWVVXSHpLeHJEakdHTlg0VE16TnE5Qi9LRWZld292TXpOWHBsaHY3NS9VNlhNdzZ1alc2QWJiMUlLV1p0CndHZWxSMmp5NzJRTmE5RlRnVW9yeGxjd3NVNVE2M0laMVl1c2c2WmwvRjJFRnoxWWl0N3liR0puVExpVnRscEEKTkd0aExLRVUyMnNKanArWkx6RjJEK3FVUlF4UnQwcXVaQ3l1SFc4YWtnZlJ6WjlsclFwTUVId29tZjBxd2xJUApGbkRUb2JhTkhSdGtQaytRWjFLV2NqcHZJejVSQUpQd1RIMWdua2JJVHFSWkpZVVlpVC85K21way96Y1hjRWFnCkEyeGFVOWFpeTdkZHRCR0F3R1Z4Q3J2dVNBTE5vT2xVVlBVKzJWdFBNUlVjbGUwMHBPZDFXYytSWTVqekpJZXoKdXVVWlBDQzIxL1l0UUpYTDB1aUhsZz09Ci0tLS0tRU5EIENFUlRJRklDQVRFLS0tLS0K",
                            "master_auth.0.password": "iN4gRgOzSRMorBTn",
                            "master_auth.0.username": "admin",
                            "master_authorized_networks_config.#": "0",
                            "master_ipv4_cidr_block": "",
                            "master_version": "1.10.11-gke.1",
                            "monitoring_service": "monitoring.googleapis.com",
                            "name": "gke-cluster-1",
                            "network": "projects/clarapcp-ea-ilyas-husein/global/networks/claranet-test",
                            "network_policy.#": "1",
                            "network_policy.0.enabled": "false",
                            "network_policy.0.provider": "PROVIDER_UNSPECIFIED",
                            "node_config.#": "1",
                            "node_config.0.disk_size_gb": "100",
                            "node_config.0.disk_type": "pd-standard",
                            "node_config.0.guest_accelerator.#": "0",
                            "node_config.0.image_type": "COS",
                            "node_config.0.labels.%": "1",
                            "node_config.0.labels.this-is-for": "dev-cluster",
                            "node_config.0.local_ssd_count": "0",
                            "node_config.0.machine_type": "n1-standard-1",
                            "node_config.0.metadata.%": "0",
                            "node_config.0.min_cpu_platform": "",
                            "node_config.0.oauth_scopes.#": "4",
                            "node_config.0.oauth_scopes.1277378754": "https://www.googleapis.com/auth/monitoring",
                            "node_config.0.oauth_scopes.1632638332": "https://www.googleapis.com/auth/devstorage.read_only",
                            "node_config.0.oauth_scopes.172152165": "https://www.googleapis.com/auth/logging.write",
                            "node_config.0.oauth_scopes.299962681": "https://www.googleapis.com/auth/compute",
                            "node_config.0.preemptible": "false",
                            "node_config.0.service_account": "default",
                            "node_config.0.tags.#": "3",
                            "node_config.0.tags.0": "jenkins",
                            "node_config.0.tags.1": "ssh",
                            "node_config.0.tags.2": "http-server",
                            "node_config.0.taint.#": "0",
                            "node_config.0.workload_metadata_config.#": "0",
                            "node_pool.#": "1",
                            "node_pool.0.autoscaling.#": "0",
                            "node_pool.0.initial_node_count": "3",
                            "node_pool.0.instance_group_urls.#": "1",
                            "node_pool.0.instance_group_urls.0": "https://www.googleapis.com/compute/v1/projects/clarapcp-ea-ilyas-husein/zones/europe-west1-b/instanceGroupManagers/gke-gke-cluster-1-default-pool-bab04969-grp",
                            "node_pool.0.management.#": "1",
                            "node_pool.0.management.0.auto_repair": "false",
                            "node_pool.0.management.0.auto_upgrade": "false",
                            "node_pool.0.max_pods_per_node": "0",
                            "node_pool.0.name": "default-pool",
                            "node_pool.0.name_prefix": "",
                            "node_pool.0.node_config.#": "1",
                            "node_pool.0.node_config.0.disk_size_gb": "100",
                            "node_pool.0.node_config.0.disk_type": "pd-standard",
                            "node_pool.0.node_config.0.guest_accelerator.#": "0",
                            "node_pool.0.node_config.0.image_type": "COS",
                            "node_pool.0.node_config.0.labels.%": "1",
                            "node_pool.0.node_config.0.labels.this-is-for": "dev-cluster",
                            "node_pool.0.node_config.0.local_ssd_count": "0",
                            "node_pool.0.node_config.0.machine_type": "n1-standard-1",
                            "node_pool.0.node_config.0.metadata.%": "0",
                            "node_pool.0.node_config.0.min_cpu_platform": "",
                            "node_pool.0.node_config.0.oauth_scopes.#": "4",
                            "node_pool.0.node_config.0.oauth_scopes.1277378754": "https://www.googleapis.com/auth/monitoring",
                            "node_pool.0.node_config.0.oauth_scopes.1632638332": "https://www.googleapis.com/auth/devstorage.read_only",
                            "node_pool.0.node_config.0.oauth_scopes.172152165": "https://www.googleapis.com/auth/logging.write",
                            "node_pool.0.node_config.0.oauth_scopes.299962681": "https://www.googleapis.com/auth/compute",
                            "node_pool.0.node_config.0.preemptible": "false",
                            "node_pool.0.node_config.0.service_account": "default",
                            "node_pool.0.node_config.0.tags.#": "3",
                            "node_pool.0.node_config.0.tags.0": "jenkins",
                            "node_pool.0.node_config.0.tags.1": "ssh",
                            "node_pool.0.node_config.0.tags.2": "http-server",
                            "node_pool.0.node_config.0.taint.#": "0",
                            "node_pool.0.node_config.0.workload_metadata_config.#": "0",
                            "node_pool.0.node_count": "3",
                            "node_pool.0.version": "1.10.11-gke.1",
                            "node_version": "1.10.11-gke.1",
                            "pod_security_policy_config.#": "0",
                            "private_cluster": "false",
                            "private_cluster_config.#": "0",
                            "project": "clarapcp-ea-ilyas-husein",
                            "resource_labels.%": "0",
                            "subnetwork": "projects/clarapcp-ea-ilyas-husein/regions/europe-west1/subnetworks/claranet-test",
                            "zone": "europe-west1-b"
                        },
                        "meta": {
                            "e2bfb730-ecaa-11e6-8f88-34363bc7c4c0": {
                                "create": 1800000000000,
                                "delete": 1800000000000,
                                "update": 600000000000
                            },
                            "schema_version": "1"
                        },
                        "tainted": false
                    },
                    "deposed": [],
                    "provider": "provider.google"
                }
            },
            "depends_on": []
        }
    ]
}
