{
    "version": 3,
    "terraform_version": "0.11.11",
    "serial": 5,
    "lineage": "955e660e-e59d-2d13-ac07-48f71679f1b5",
    "modules": [
        {
            "path": [
                "root"
            ],
            "outputs": {},
            "resources": {
                "google_container_cluster.gke-cluster": {
                    "type": "google_container_cluster",
                    "depends_on": [],
                    "primary": {
                        "id": "gke-cluster-1",
                        "attributes": {
                            "additional_zones.#": "0",
                            "addons_config.#": "1",
                            "addons_config.0.horizontal_pod_autoscaling.#": "0",
                            "addons_config.0.http_load_balancing.#": "0",
                            "addons_config.0.kubernetes_dashboard.#": "1",
                            "addons_config.0.kubernetes_dashboard.0.disabled": "true",
                            "addons_config.0.network_policy_config.#": "1",
                            "addons_config.0.network_policy_config.0.disabled": "true",
                            "cluster_autoscaling.#": "0",
                            "cluster_ipv4_cidr": "10.12.0.0/14",
                            "description": "",
                            "enable_binary_authorization": "false",
                            "enable_kubernetes_alpha": "false",
                            "enable_legacy_abac": "false",
                            "enable_tpu": "false",
                            "endpoint": "35.205.25.119",
                            "id": "gke-cluster-1",
                            "initial_node_count": "3",
                            "instance_group_urls.#": "1",
                            "instance_group_urls.0": "https://www.googleapis.com/compute/v1/projects/clarapcp-ea-ilyas-husein/zones/europe-west1-b/instanceGroups/gke-gke-cluster-1-default-pool-9ec9cf06-grp",
                            "ip_allocation_policy.#": "0",
                            "logging_service": "logging.googleapis.com",
                            "maintenance_policy.#": "0",
                            "master_auth.#": "1",
                            "master_auth.0.client_certificate": "LS0tLS1CRUdJTiBDRVJUSUZJQ0FURS0tLS0tCk1JSUMyekNDQWNPZ0F3SUJBZ0lSQU8rcS9lcmFLRE5XbDV4ekRtd3ZzL3N3RFFZSktvWklodmNOQVFFTEJRQXcKTHpFdE1Dc0dBMVVFQXhNa01UaGtZemsxTVRJdFl6VXdaQzAwWldRNUxXRmtNRFF0TUdReVlUWm1ZelEzWWpCaApNQjRYRFRFNU1ERXlOekV3TlRrME5sb1hEVEkwTURFeU5qRXdOVGswTmxvd0VURVBNQTBHQTFVRUF4TUdZMnhwClpXNTBNSUlCSWpBTkJna3Foa2lHOXcwQkFRRUZBQU9DQVE4QU1JSUJDZ0tDQVFFQXhiNjRjL21HNmFmamFmSXkKSnJYVGdhdVlqZSt5NUp1NEpzRm8wMkt5Q3czWWFYb1o0WWxNSmpTOGcwbEVHT0R6YWZjdFZLd3NHbUtyT29FcgpCMDU2cW83TE43Mk15V3VveHZ2TTBDRFlNVVBVMzZkYmxYdm9WT20xc203cStCeGdsa1BValJRNHR0ZUhIVElFCmovWjhCWitxZ0hVNWU3cFNja0ZpRCtvUm1LYkNtaTh4WlNGNnRQMHVFM201eXhQQ3hJakJwQ1o2NEhuOEU0WFIKZW1uZzFHd0xlOFRkRVk1RUNTb3lDaGhab0pISEJpSy9ZR2FJN3g3QlRvVG15UnlBS0QxckxRLzdPRTBBM2NBLwprUjdEd1ZYL1lFdTVRamV4UnRibm03QmR5bkVIM2p2L3lNNzZIdnFhY0YxQmpoSHRwOTUzbk15ZXVKbmQ5S1dmCll1eWZ5d0lEQVFBQm94QXdEakFNQmdOVkhSTUJBZjhFQWpBQU1BMEdDU3FHU0liM0RRRUJDd1VBQTRJQkFRQ2sKVk9rQzZveDVHRitLeWlCZEF5QkZGSDVGTVBPeWF4czR1MXhZTEVSWUR4UWY4M0k4M2kyanpQUDdlRGRvRUJScwo4M3RHbmtHb3dxOTEyQ1hsMTlKN0xoQUE1VCtuaFU1QlFtRjhZVlgwUk5TQmJDeTIwVGs3UWdVdUVpUjlyUlUrClBrcXhzd1U3T09KKzg5Uzc0QkhyMGYrVHpKZmhJSkVhWjh0MzMxdU9Jdk0yL2krODRnUlVEb2N0dGZGcmp4Z2cKaG9IVkFKNWlnOHZDOWJlQWszU2licEtiVlJtRUtJTitoMzhnNjlKRjNBamt5d0w1aU5yQzB4TW03cFVyUUJjQwo5R29JUWFPZXZaSGJIUDBJN0RmUlNhdm1jRFVHTFV0SFJucng2aWJLa1I5MUpVbkVQcjR5YmVlNnF3NDFXb2lQCkVGaDZmZjlkTGEyZFhnS2lRZTJTCi0tLS0tRU5EIENFUlRJRklDQVRFLS0tLS0K",
                            "master_auth.0.client_certificate_config.#": "0",
                            "master_auth.0.client_key": "LS0tLS1CRUdJTiBSU0EgUFJJVkFURSBLRVktLS0tLQpNSUlFb3dJQkFBS0NBUUVBeGI2NGMvbUc2YWZqYWZJeUpyWFRnYXVZamUreTVKdTRKc0ZvMDJLeUN3M1lhWG9aCjRZbE1KalM4ZzBsRUdPRHphZmN0Vkt3c0dtS3JPb0VyQjA1NnFvN0xONzJNeVd1b3h2dk0wQ0RZTVVQVTM2ZGIKbFh2b1ZPbTFzbTdxK0J4Z2xrUFVqUlE0dHRlSEhUSUVqL1o4QlorcWdIVTVlN3BTY2tGaUQrb1JtS2JDbWk4eApaU0Y2dFAwdUUzbTV5eFBDeElqQnBDWjY0SG44RTRYUmVtbmcxR3dMZThUZEVZNUVDU295Q2hoWm9KSEhCaUsvCllHYUk3eDdCVG9UbXlSeUFLRDFyTFEvN09FMEEzY0Eva1I3RHdWWC9ZRXU1UWpleFJ0Ym5tN0JkeW5FSDNqdi8KeU03Nkh2cWFjRjFCamhIdHA5NTNuTXlldUpuZDlLV2ZZdXlmeXdJREFRQUJBb0lCQUJjUHp2SStSbitIT1hkTgoxdVI3TGM5ckpFVUt1MFI4YkFYS1psVWZmRi9iL2EwUXlqdVZQV3R5bUxqL28vQ2sxNFBqQ2JIY3pJaWRPNWFuClRDTXpnZ3gvSlJzbDY1UHRaREhQV2FFU1JqUmtwL1hDSTdwZUhqS1NUbTJndXZMZkF3Z0lvWExSOUwvNk15M3kKcGVQbVNBRGQ1ZmwwOG1uSUhwSm9VVmZ3SVVlUFFzV0FwSFNGbVpoWmpZL2VrWDV2bGp6ZUV2Q05nYWhwRmtFLwpHeWRFdUliOVVBbzVJeWNqRmxSd2FpcVN5cWliOEdncWFlNUd0ODQwdWNZTzRwVG1kN1NDN2p4Uko4WWtremdhClQzbnJMR3oxVHNGd2ZPSjVIYzFaa1pCaERFcEFzUXk0UGVHbXg1T1NhdVV0NzU5SDluNmE1aTdUTGx3aklvMHEKcCtVeDRXVUNnWUVBNFdTSzZPTjBiZ2NMeEZvNGdSNmtlMGtLK2pXOXRWeDY4eC91TFMwUmlDcVJwRTk0VEJseApRODN0R3h2ckVnQXV1ZlBnS1QxdDY3ZDhmMlArRkpPeUVCeHM4b1VSb0wxdGxSMUJXaDhpMUlzTnBHaUJVbjl4Cjg5cjNUWmlsRFFLZFR4MFZ4dDg1c3VRc3hUTE9aM08xSnYzNnNBRmduR2d5VTNvaGJNdk9ibGNDZ1lFQTRKa0wKSm5SVkZibDZDeDN3V1dRMm9TaVBuQi82dHVkakVKTzFtQ2RTandpdUQ4VHlqNXZzbTlyTHRBL3BqQlgvYXNpdwo1cllPRUhTMEZTRjVTTzM4L0sxSFZVaXNZcE5WZjFLOWs5enVVWm9NTzJuMm90YlMrTlJqMzBkMytFdlNZZ3FrClhrNXpUVmpxVWhqZSsxVTRPWkZvdzNKRW1PR1N0VlhPUHNEdENhMENnWUFZblRkQ1NaeXNhMTZRbWQyejFCblkKVU5pL0RHRmtUZTRyWU9CTTFMQW1jNmVtRHZ1dks5UWZ1SHhkU29ZNFdBYkNUZXk3OURadDJJTGpFcE5yd2RsZgpRd3R1ekxOcEgyYTVNeEd3K3RkOTZKV2J6OEhYdFkxSE9URnFxdkhUWXVhMC9oTWp2YnI2VzBxOFdsa0tHU3UrClQxd3lIbVJqa0VsMnJrNjZKK09xVHdLQmdFbWt4UXd4M3VoRnJlZlJSRXI3V2hKVHkyc0U3VjlsMVl6TThpRlcKMjNJOUJWMzBWUmlUcHV5ZnZHVnBSa29CdUlOYUZPOUJTTEZLb3ZXK3lSY0p1Z2RjQmVUSDlJWktDeUc1anFIYQpNbWFkWFY5cDZrNFFwSktraWE3ZnIwM0NCdFRRNm41bHVOYm16Y1puazAzVDdxQ3B0akZIMlloTGhxQmc1MFNhClc5N3RBb0dCQUlpQlpsRXpraGdMWnhKRFJQL0lVMmNxcFdzSTViazRVSzhDVzd3bzZEMGRhS005MHMxSSt5aFQKNEhyTGxsbGlVdXQ3UmxSekc1UjZCZ3YvQnFIS1FSWFV6VTRodjJTT1h5ZWdhMTV2VEsycmNIdEtLTGg4ejUrMgpaY1BJbVo3VXFnTmd6MWpsanBPeWJZVjFhdWhlTjhFTHdCcXFGaFhGbHBYOE9OVnkrbjJuCi0tLS0tRU5EIFJTQSBQUklWQVRFIEtFWS0tLS0tCg==",
                            "master_auth.0.cluster_ca_certificate": "LS0tLS1CRUdJTiBDRVJUSUZJQ0FURS0tLS0tCk1JSURDekNDQWZPZ0F3SUJBZ0lRYk9CVkl1UkxkTjZEczBUOGhvRHRBVEFOQmdrcWhraUc5dzBCQVFzRkFEQXYKTVMwd0t3WURWUVFERXlReE9HUmpPVFV4TWkxak5UQmtMVFJsWkRrdFlXUXdOQzB3WkRKaE5tWmpORGRpTUdFdwpIaGNOTVRrd01USTNNRGsxT1RRMldoY05NalF3TVRJMk1UQTFPVFEyV2pBdk1TMHdLd1lEVlFRREV5UXhPR1JqCk9UVXhNaTFqTlRCa0xUUmxaRGt0WVdRd05DMHdaREpoTm1aak5EZGlNR0V3Z2dFaU1BMEdDU3FHU0liM0RRRUIKQVFVQUE0SUJEd0F3Z2dFS0FvSUJBUURuMXJSYkN3T293cVFQUDBhd3lxNUtuSXRxZktrVGw2S3JYYmJqaUxRZwpnMS9LUi93UXhZRnRIME1GZnFud2ZwTWdKd1BDeldVczM3bDhEMTVjdk1yTlg2SUNGeWVCTEhiUVNOMjNnWndlCisxSkgzNTdIUUU5NXE5MWZYTXFocTNKN0dVcDBPSmNuWWxVd3NLZjNTV3R5NWFLdHQ0YWxETVJmYVdJZGkyczMKZWk1a1FHWjNjL3dvS2VHY3hjVWcwTDR4aXFCalVjdFdETjE3ZlJLRjllN0x1M1VTc2JCd0ExZ05PeE5GcDRURwo5SU5uc0N5WG1QTWtiWEpDTnlUZXluRnBTMnlYTWNUOG5JZWpjVG40eHFtbGRiSjVyeFZtOVdSUDI3T3NOTWVGCjRIY3ZnRFVxbEVBWU1KN2pkSVdzZkRNQjk3dnRmZ1RVRE5udXU4NXovMkdoQWdNQkFBR2pJekFoTUE0R0ExVWQKRHdFQi93UUVBd0lDQkRBUEJnTlZIUk1CQWY4RUJUQURBUUgvTUEwR0NTcUdTSWIzRFFFQkN3VUFBNElCQVFDKwpBTDVXZ1FoK1ZaY0l4WmxCY2NqR1hvTHR0NWJIZHR2ZnNyM2VCNUtZWlNhRFNEem13dTh1ZGxJQWZTZU5GV1BUCmtjcTFZU05FajJQa3RzN1BWUVhzbEVHd0lMVU4wWmJ1QnJhNEgzV0Y2bWNXOFNRNFNmOTAvSmpLb2NlOGpoNmkKN3pyK2U5ZEhPSmVXblVWeTJleW0zaGNhT1JUVFNESm5aMjBlNWlieUU4L1lZdU1HYk9FaXVxS25sSTVkc3ZyNgpUQ1FmWXVvcUozSVB3ZWZHK2NQMzVGNVhvSld6VUN3Mm9uNHpicG1iZ2IyQjdmdEZOMW9MR2RYZnF6Tk1aMkhjCkNmbTd5SGs2VmxIL25GWGFwMS9YNzFJRVplaXVOTHRiNkRZanlTMVZobzVtcE5vRWVndjdBT0FiVFFCckpYWmsKcDgwb24rSFdEUkluaXVLNnFpNjUKLS0tLS1FTkQgQ0VSVElGSUNBVEUtLS0tLQo=",
                            "master_auth.0.password": "VV4G41bNGipIEcKw",
                            "master_auth.0.username": "admin",
                            "master_authorized_networks_config.#": "0",
                            "master_ipv4_cidr_block": "",
                            "master_version": "1.10.11-gke.1",
                            "monitoring_service": "monitoring.googleapis.com",
                            "name": "gke-cluster-1",
                            "network": "projects/clarapcp-ea-ilyas-husein/global/networks/claranet-test",
                            "network_policy.#": "1",
                            "network_policy.0.enabled": "false",
                            "network_policy.0.provider": "PROVIDER_UNSPECIFIED",
                            "node_config.#": "1",
                            "node_config.0.disk_size_gb": "100",
                            "node_config.0.disk_type": "pd-standard",
                            "node_config.0.guest_accelerator.#": "0",
                            "node_config.0.image_type": "COS",
                            "node_config.0.labels.%": "1",
                            "node_config.0.labels.this-is-for": "dev-cluster",
                            "node_config.0.local_ssd_count": "0",
                            "node_config.0.machine_type": "n1-standard-1",
                            "node_config.0.metadata.%": "0",
                            "node_config.0.min_cpu_platform": "",
                            "node_config.0.oauth_scopes.#": "4",
                            "node_config.0.oauth_scopes.1277378754": "https://www.googleapis.com/auth/monitoring",
                            "node_config.0.oauth_scopes.1632638332": "https://www.googleapis.com/auth/devstorage.read_only",
                            "node_config.0.oauth_scopes.172152165": "https://www.googleapis.com/auth/logging.write",
                            "node_config.0.oauth_scopes.299962681": "https://www.googleapis.com/auth/compute",
                            "node_config.0.preemptible": "false",
                            "node_config.0.service_account": "default",
                            "node_config.0.tags.#": "3",
                            "node_config.0.tags.0": "jenkins",
                            "node_config.0.tags.1": "ssh",
                            "node_config.0.tags.2": "http-server",
                            "node_config.0.taint.#": "0",
                            "node_config.0.workload_metadata_config.#": "0",
                            "node_pool.#": "1",
                            "node_pool.0.autoscaling.#": "0",
                            "node_pool.0.initial_node_count": "3",
                            "node_pool.0.instance_group_urls.#": "1",
                            "node_pool.0.instance_group_urls.0": "https://www.googleapis.com/compute/v1/projects/clarapcp-ea-ilyas-husein/zones/europe-west1-b/instanceGroupManagers/gke-gke-cluster-1-default-pool-9ec9cf06-grp",
                            "node_pool.0.management.#": "1",
                            "node_pool.0.management.0.auto_repair": "false",
                            "node_pool.0.management.0.auto_upgrade": "false",
                            "node_pool.0.max_pods_per_node": "0",
                            "node_pool.0.name": "default-pool",
                            "node_pool.0.name_prefix": "",
                            "node_pool.0.node_config.#": "1",
                            "node_pool.0.node_config.0.disk_size_gb": "100",
                            "node_pool.0.node_config.0.disk_type": "pd-standard",
                            "node_pool.0.node_config.0.guest_accelerator.#": "0",
                            "node_pool.0.node_config.0.image_type": "COS",
                            "node_pool.0.node_config.0.labels.%": "1",
                            "node_pool.0.node_config.0.labels.this-is-for": "dev-cluster",
                            "node_pool.0.node_config.0.local_ssd_count": "0",
                            "node_pool.0.node_config.0.machine_type": "n1-standard-1",
                            "node_pool.0.node_config.0.metadata.%": "0",
                            "node_pool.0.node_config.0.min_cpu_platform": "",
                            "node_pool.0.node_config.0.oauth_scopes.#": "4",
                            "node_pool.0.node_config.0.oauth_scopes.1277378754": "https://www.googleapis.com/auth/monitoring",
                            "node_pool.0.node_config.0.oauth_scopes.1632638332": "https://www.googleapis.com/auth/devstorage.read_only",
                            "node_pool.0.node_config.0.oauth_scopes.172152165": "https://www.googleapis.com/auth/logging.write",
                            "node_pool.0.node_config.0.oauth_scopes.299962681": "https://www.googleapis.com/auth/compute",
                            "node_pool.0.node_config.0.preemptible": "false",
                            "node_pool.0.node_config.0.service_account": "default",
                            "node_pool.0.node_config.0.tags.#": "3",
                            "node_pool.0.node_config.0.tags.0": "jenkins",
                            "node_pool.0.node_config.0.tags.1": "ssh",
                            "node_pool.0.node_config.0.tags.2": "http-server",
                            "node_pool.0.node_config.0.taint.#": "0",
                            "node_pool.0.node_config.0.workload_metadata_config.#": "0",
                            "node_pool.0.node_count": "3",
                            "node_pool.0.version": "1.10.11-gke.1",
                            "node_version": "1.10.11-gke.1",
                            "pod_security_policy_config.#": "0",
                            "private_cluster": "false",
                            "private_cluster_config.#": "0",
                            "project": "clarapcp-ea-ilyas-husein",
                            "resource_labels.%": "0",
                            "subnetwork": "projects/clarapcp-ea-ilyas-husein/regions/europe-west1/subnetworks/claranet-test",
                            "zone": "europe-west1-b"
                        },
                        "meta": {
                            "e2bfb730-ecaa-11e6-8f88-34363bc7c4c0": {
                                "create": 1800000000000,
                                "delete": 1800000000000,
                                "update": 600000000000
                            },
                            "schema_version": "1"
                        },
                        "tainted": false
                    },
                    "deposed": [],
                    "provider": "provider.google"
                }
            },
            "depends_on": []
        }
    ]
}
