{
    "version": 3,
    "terraform_version": "0.11.11",
    "serial": 4,
    "lineage": "955e660e-e59d-2d13-ac07-48f71679f1b5",
    "modules": [
        {
            "path": [
                "root"
            ],
            "outputs": {},
            "resources": {
                "google_container_cluster.gke-cluster": {
                    "type": "google_container_cluster",
                    "depends_on": [],
                    "primary": {
                        "id": "gke-cluster-1",
                        "attributes": {
                            "additional_zones.#": "0",
                            "addons_config.#": "1",
                            "addons_config.0.horizontal_pod_autoscaling.#": "0",
                            "addons_config.0.http_load_balancing.#": "0",
                            "addons_config.0.kubernetes_dashboard.#": "1",
                            "addons_config.0.kubernetes_dashboard.0.disabled": "true",
                            "addons_config.0.network_policy_config.#": "1",
                            "addons_config.0.network_policy_config.0.disabled": "true",
                            "cluster_autoscaling.#": "0",
                            "cluster_ipv4_cidr": "10.12.0.0/14",
                            "description": "",
                            "enable_binary_authorization": "false",
                            "enable_kubernetes_alpha": "false",
                            "enable_legacy_abac": "false",
                            "enable_tpu": "false",
                            "endpoint": "34.76.234.196",
                            "id": "gke-cluster-1",
                            "initial_node_count": "3",
                            "instance_group_urls.#": "1",
                            "instance_group_urls.0": "https://www.googleapis.com/compute/v1/projects/clarapcp-ea-ilyas-husein/zones/europe-west1-b/instanceGroups/gke-gke-cluster-1-default-pool-dc62e11b-grp",
                            "ip_allocation_policy.#": "0",
                            "logging_service": "logging.googleapis.com",
                            "maintenance_policy.#": "0",
                            "master_auth.#": "1",
                            "master_auth.0.client_certificate": "LS0tLS1CRUdJTiBDRVJUSUZJQ0FURS0tLS0tCk1JSUMyakNDQWNLZ0F3SUJBZ0lRR0xhbVdCTyt4T2QrU1pVUFJhZkx0REFOQmdrcWhraUc5dzBCQVFzRkFEQXYKTVMwd0t3WURWUVFERXlRMU5tUTJORFkyTXkxak9HTm1MVFEzTXpRdFltWmpOeTFsWmpjNU1HVmtaR000T0dNdwpIaGNOTVRrd01USTNNRGt4TlRJeldoY05NalF3TVRJMk1Ea3hOVEl6V2pBUk1ROHdEUVlEVlFRREV3WmpiR2xsCmJuUXdnZ0VpTUEwR0NTcUdTSWIzRFFFQkFRVUFBNElCRHdBd2dnRUtBb0lCQVFETWNoeFUyOURlRzZjS2EzQ0cKNGhSUkhHTlVqQldzVVRZV1JGY2l4MzdMdk5jL1AvckxHeERpb3JCK21IdWVod1RlTURLelJETmJjV3MyckNIeApCcjBxTjBLcS80a0txSlVrYzdtQXphd0N3SWRadWVIdXJZK29TMStobHBSV2x0WXJBRmNwbFdqSmxXQmcybWhuCksyWTNEbk42VVU2aTRuK2FCVmpsT0EzSDRnYncrdEo1bWc4WnJWMjErTTl4UE90aGZrTnhCU3JQLzJ0eXd2V2UKa1p3cEd5VHQzcUJJTWh1dlo1cjFQNjhuOXlPUlVxWEJsNFlOYnkwOHpqSVNZUFZwaytvR3pjM2F0cU1QbFdubwpDS2p5MHJtQ3RsdjBKbk42L3U5RERCanNJUHo5WlpWTThwWU1zZnFPQUUyeFBRY2szYm5LTCtSVXUyRGM5Y1BBCk1hOWZBZ01CQUFHakVEQU9NQXdHQTFVZEV3RUIvd1FDTUFBd0RRWUpLb1pJaHZjTkFRRUxCUUFEZ2dFQkFHMXUKSkZNZHd0ckp1M1g1VVVkekJWdFYvL2RYandkR2pvYzFTRjFqSzhBTnhESUhGV2hLRTUxRWd3ZTVVOFhnUElKMwo1Wmt4OHBscVZtUkdxVjhGY0NmZnJSWnl4clgwbGRNcmtVY3A0c1VZaXY2NlFJWGd2NmdlM0s2L3hTNWx1WExvCmgwNG05c09EQVplSEtpeTVzR0l5Yy8rTEtRbXNpQmVCQ0xLVFlBaWJpblJ4cG9mbG54VzM5am1mTkpDRHFiZ2gKdDhkWHU5aDNQVksyT0orL2UvNk1JQXZOV1VqbUMrUWdkdUVDN0NVdHpKdHVkNmFKakxTc2xoa3dQODZNUjAwTQpuUlhQUzVURHBzKy9PdHJQeW5sNDA0RThUZE1uV05LZE5qclpvQkFwRlFkZkhVRjhPRXlFN1hJMmhWZGcwRDZTClRDaVpNVGxXb20zZXhreitGa1k9Ci0tLS0tRU5EIENFUlRJRklDQVRFLS0tLS0K",
                            "master_auth.0.client_certificate_config.#": "0",
                            "master_auth.0.client_key": "LS0tLS1CRUdJTiBSU0EgUFJJVkFURSBLRVktLS0tLQpNSUlFb3dJQkFBS0NBUUVBekhJY1ZOdlEzaHVuQ210d2h1SVVVUnhqVkl3VnJGRTJGa1JYSXNkK3k3elhQei82Cnl4c1E0cUt3ZnBoN25vY0UzakF5czBRelczRnJOcXdoOFFhOUtqZENxditKQ3FpVkpITzVnTTJzQXNDSFdibmgKN3EyUHFFdGZvWmFVVnBiV0t3QlhLWlZveVpWZ1lOcG9aeXRtTnc1emVsRk9vdUovbWdWWTVUZ054K0lHOFByUwplWm9QR2ExZHRmalBjVHpyWVg1RGNRVXF6LzlyY3NMMW5wR2NLUnNrN2Q2Z1NESWJyMmVhOVQrdkovY2prVktsCndaZUdEVzh0UE00eUVtRDFhWlBxQnMzTjJyYWpENVZwNkFpbzh0SzVnclpiOUNaemV2N3ZRd3dZN0NEOC9XV1YKVFBLV0RMSDZqZ0JOc1QwSEpOMjV5aS9rVkx0ZzNQWER3REd2WHdJREFRQUJBb0lCQUFkck5xTDZWN2NrOEJLbgo0OEtlbVVKNDUya3QxNEFwY1puWGxnVTI1d29wU3AyZ0grVFhPOExLODR1aDB6azZuZzhhckU3OEJtbThPN25xCnFpVlBGaUNJNFNieVh6eUo4ZURnNnRZdjRISTRjL3VVdHJiM1hsNEFOTjFZdmxPY0QvUFVoSC9jOTV0UHRvVWQKTjlUOVFBTE1jcDFPMlFNcEkvSG9zc1B5blBGb0E0cFpmQ3dtL3Q4UUU1WWpNYnZVZXcwZHp6YksrSS9QYlZRWgpWeU9kVjVlK1VDbEVIaytsaHdGdlkzL2RMNkV5Snpzeko3dnVBc0JGMWpud1o0UzhnVHd3THZrR2UzRTFUcksyCnk0QnBVQnB0VWNkRy85ZkhYKzZXUzRpUThtYm40TmorbUxaY0xNSXI2bDc3a1UyQll6cnN6T004WmFhM29JMUYKZzFlSW9pVUNnWUVBN08zSllqK1NpV1YzT25mZ0duRytVcFVLZGRhbnFGc2tPSnhsN0hFTmJBRWw0dU1nMElkSwpSV2VaZzcvdTJCVTBTSFNXUWg4OXhoRFQweE9lUWNOZy9wL01CcGV4ZG0zWnAyL1Mvc0FlQWpBMW9pV2VxSEJpCk9NNVJyL0NtMWcya20xdmxJNzVFUyt3WG8wS29tUnVYOWlMVy9wOFNqbURIYUI0ejdodnhYdHNDZ1lFQTNPYjQKSFZNVEtkYjhtay9UNzJTeHk1alo0ejhyVTR2Z01HNHlvak9MNnBKYnRoZjgyUTNvWlE4V1JqanJmZjIwTUNIcQpSWHZ5elpMTW90MHMxdWd0Y285dGN0QmJFUk40NW5PTnVIb3lMam1JNitIWURUVXBXNW13VFdKMGNWV01TU01kCkM5R1R0TWovQ2dpT0RjZUFFSS9HVjlmYkRsSDRQNTk2b2VtbVRzMENnWUJlWERHcFRISmJBQ3NsQVJzaXpRd2sKcmJFVnoyREVmMUFFcjkwejlxNkd4a3BGZTNuVk14eVVXYmRkTG5LOFltMkpNYzJxRmZFdlVnSmEvV1E1QXN3OQpmSHp3WHpmUlY5eW9mN1BEdTlYM3Z5V05KM2h4MHhoN1VVaGRUdlhUS0duWGFoanZURmE4K2hGTDl6OVlneEhaCmVIU3h3YjdOTDZRYlJuUWVMOGpJb3dLQmdRQ1Q2OEluZU5LelNMZjc2UXFsR291SUowRjRUM3VHeFhxSlU3RnEKTmhReUxuRmxQU2plZTlhcm5XK3Y5RHVWTVljd1YvV1ZNOHZCNXRSTEZzb0kybzVjVVRqY0VqTjQrczRSbXoxQwpVK2s0Vk9TZjk2cUNKYUFkSzR3SU5hNTltZWlIclJDdE1saXpUWWlpd2xuRlZsc21PL0I0TUI0S3Q4OEJZNXh0CndaVFEzUUtCZ0g3OGhSRWxLVXVBQmtIZFVEbWltc3BVODRTVkpMb0VQWUwyZkxtaUFocXZDN050bDdDQTh6c2UKN0Uyd2lmcU92cjlNbmxHcXhOUk1tbnBQSU9BVHpOOVRZYytQZjBxS1p6ZERlUExPdW9GRFNvWDgzakdueVFQdAphdXhocHNZVmN6ckZERVdxTk0zNmQwUk5QOUJWelE4RVZMakVvVEs3alMwOEExK1ZrUFZWCi0tLS0tRU5EIFJTQSBQUklWQVRFIEtFWS0tLS0tCg==",
                            "master_auth.0.cluster_ca_certificate": "LS0tLS1CRUdJTiBDRVJUSUZJQ0FURS0tLS0tCk1JSURDekNDQWZPZ0F3SUJBZ0lRZUVqVXhuWEd1bmhPamN4ZGlralZTVEFOQmdrcWhraUc5dzBCQVFzRkFEQXYKTVMwd0t3WURWUVFERXlRMU5tUTJORFkyTXkxak9HTm1MVFEzTXpRdFltWmpOeTFsWmpjNU1HVmtaR000T0dNdwpIaGNOTVRrd01USTNNRGd4TlRJeVdoY05NalF3TVRJMk1Ea3hOVEl5V2pBdk1TMHdLd1lEVlFRREV5UTFObVEyCk5EWTJNeTFqT0dObUxUUTNNelF0WW1aak55MWxaamM1TUdWa1pHTTRPR013Z2dFaU1BMEdDU3FHU0liM0RRRUIKQVFVQUE0SUJEd0F3Z2dFS0FvSUJBUUN3cW4zNXcvdDdiK211L1JvQXp5OFZJYU1FMVdqcHEvRGZDelpLeDZwdwpTK2ViS2xmc2phc3pDWTJRSUhvYTdrUlpXeWdOQzNWUHJndVBtek5abzg0MWpUaUxCUHRiSHBJQ0gxYjR2WjdFCk1zS1FkTm9oZ1d1SlVVK1dLWGxGSi9ZclBmQU1TK09NMXVvRVBXaDJoYWlXcFB4ekNIMkU3b0ZxcWkvcXVRcVEKYzBIZUlCR2laZWxRNDQ1cFpwVXdzS0hzNjRYbitOK0p0TmNURmVoR1loQ3JKWW1rODFmVk5iVUUrUG4xOHhaRAp3QVhuSURPZUhJdE82UUgvYkZPZjltZkFwSXpLS3pZOUl4dkdQK1FnVEM1NGFydk9CdjV6VmhaNWVMK1B3bXUxCndWMlhxcm9mOEdkTGovTy90T01zM2lVTUFmNWJUWHRkSnQwTDR0UDM0RUY3QWdNQkFBR2pJekFoTUE0R0ExVWQKRHdFQi93UUVBd0lDQkRBUEJnTlZIUk1CQWY4RUJUQURBUUgvTUEwR0NTcUdTSWIzRFFFQkN3VUFBNElCQVFDawoyanJSa3hSOEFkYS9ZbEhQVVp4OVdEcC9sbHpjbmlZaFlwb1ZpOVd3TE1kR09FZUdocHh1a1Q1R2h0UTFUNFFmCllyVzQ3aVpBQ2NzclpOVnJiaThzYWpONlJiL3BWaklBODlHeHNvQTREb29INXFUMTJNR0g0NHkrQXQrZk4yenoKWEc2bXg4aHo5bjBWSW1QWG94OFRBU1d3S2lRL1c3a1dHOS94RnRRVWJ2cS8zZWsxME5OUDFlY0RNcjJFTDViTAo5L00zdnRTeDJSTjhka2c5SXc1b1VDdXZzbUdDNHpjZ1lKVGpvSW9xa0NtSjlHZmJSTFY3ZTd1SjBzTmJnbzFKCjBmUmZGNTRrUVdrKyttVVB5UWZvUWNNV3VybVR6QTJXSlQwdHJmWWlQRzh6dGZQWVBaaWdlUTk5M3hoREM4aC8KTG1uZXFYczNVMHVqOHN4UFhJSkQKLS0tLS1FTkQgQ0VSVElGSUNBVEUtLS0tLQo=",
                            "master_auth.0.password": "lpsrENAhaimogJMS",
                            "master_auth.0.username": "admin",
                            "master_authorized_networks_config.#": "0",
                            "master_ipv4_cidr_block": "",
                            "master_version": "1.10.11-gke.1",
                            "monitoring_service": "monitoring.googleapis.com",
                            "name": "gke-cluster-1",
                            "network": "projects/clarapcp-ea-ilyas-husein/global/networks/claranet-test",
                            "network_policy.#": "1",
                            "network_policy.0.enabled": "false",
                            "network_policy.0.provider": "PROVIDER_UNSPECIFIED",
                            "node_config.#": "1",
                            "node_config.0.disk_size_gb": "100",
                            "node_config.0.disk_type": "pd-standard",
                            "node_config.0.guest_accelerator.#": "0",
                            "node_config.0.image_type": "COS",
                            "node_config.0.labels.%": "1",
                            "node_config.0.labels.this-is-for": "dev-cluster",
                            "node_config.0.local_ssd_count": "0",
                            "node_config.0.machine_type": "n1-standard-1",
                            "node_config.0.metadata.%": "0",
                            "node_config.0.min_cpu_platform": "",
                            "node_config.0.oauth_scopes.#": "4",
                            "node_config.0.oauth_scopes.1277378754": "https://www.googleapis.com/auth/monitoring",
                            "node_config.0.oauth_scopes.1632638332": "https://www.googleapis.com/auth/devstorage.read_only",
                            "node_config.0.oauth_scopes.172152165": "https://www.googleapis.com/auth/logging.write",
                            "node_config.0.oauth_scopes.299962681": "https://www.googleapis.com/auth/compute",
                            "node_config.0.preemptible": "false",
                            "node_config.0.service_account": "default",
                            "node_config.0.tags.#": "3",
                            "node_config.0.tags.0": "jenkins",
                            "node_config.0.tags.1": "ssh",
                            "node_config.0.tags.2": "http-server",
                            "node_config.0.taint.#": "0",
                            "node_config.0.workload_metadata_config.#": "0",
                            "node_pool.#": "1",
                            "node_pool.0.autoscaling.#": "0",
                            "node_pool.0.initial_node_count": "3",
                            "node_pool.0.instance_group_urls.#": "1",
                            "node_pool.0.instance_group_urls.0": "https://www.googleapis.com/compute/v1/projects/clarapcp-ea-ilyas-husein/zones/europe-west1-b/instanceGroupManagers/gke-gke-cluster-1-default-pool-dc62e11b-grp",
                            "node_pool.0.management.#": "1",
                            "node_pool.0.management.0.auto_repair": "false",
                            "node_pool.0.management.0.auto_upgrade": "false",
                            "node_pool.0.max_pods_per_node": "0",
                            "node_pool.0.name": "default-pool",
                            "node_pool.0.name_prefix": "",
                            "node_pool.0.node_config.#": "1",
                            "node_pool.0.node_config.0.disk_size_gb": "100",
                            "node_pool.0.node_config.0.disk_type": "pd-standard",
                            "node_pool.0.node_config.0.guest_accelerator.#": "0",
                            "node_pool.0.node_config.0.image_type": "COS",
                            "node_pool.0.node_config.0.labels.%": "1",
                            "node_pool.0.node_config.0.labels.this-is-for": "dev-cluster",
                            "node_pool.0.node_config.0.local_ssd_count": "0",
                            "node_pool.0.node_config.0.machine_type": "n1-standard-1",
                            "node_pool.0.node_config.0.metadata.%": "0",
                            "node_pool.0.node_config.0.min_cpu_platform": "",
                            "node_pool.0.node_config.0.oauth_scopes.#": "4",
                            "node_pool.0.node_config.0.oauth_scopes.1277378754": "https://www.googleapis.com/auth/monitoring",
                            "node_pool.0.node_config.0.oauth_scopes.1632638332": "https://www.googleapis.com/auth/devstorage.read_only",
                            "node_pool.0.node_config.0.oauth_scopes.172152165": "https://www.googleapis.com/auth/logging.write",
                            "node_pool.0.node_config.0.oauth_scopes.299962681": "https://www.googleapis.com/auth/compute",
                            "node_pool.0.node_config.0.preemptible": "false",
                            "node_pool.0.node_config.0.service_account": "default",
                            "node_pool.0.node_config.0.tags.#": "3",
                            "node_pool.0.node_config.0.tags.0": "jenkins",
                            "node_pool.0.node_config.0.tags.1": "ssh",
                            "node_pool.0.node_config.0.tags.2": "http-server",
                            "node_pool.0.node_config.0.taint.#": "0",
                            "node_pool.0.node_config.0.workload_metadata_config.#": "0",
                            "node_pool.0.node_count": "3",
                            "node_pool.0.version": "1.10.11-gke.1",
                            "node_version": "1.10.11-gke.1",
                            "pod_security_policy_config.#": "0",
                            "private_cluster": "false",
                            "private_cluster_config.#": "0",
                            "project": "clarapcp-ea-ilyas-husein",
                            "resource_labels.%": "0",
                            "subnetwork": "projects/clarapcp-ea-ilyas-husein/regions/europe-west1/subnetworks/claranet-test",
                            "zone": "europe-west1-b"
                        },
                        "meta": {
                            "e2bfb730-ecaa-11e6-8f88-34363bc7c4c0": {
                                "create": 1800000000000,
                                "delete": 1800000000000,
                                "update": 600000000000
                            },
                            "schema_version": "1"
                        },
                        "tainted": false
                    },
                    "deposed": [],
                    "provider": "provider.google"
                }
            },
            "depends_on": []
        }
    ]
}
