{
    "version": 3,
    "terraform_version": "0.11.11",
    "serial": 2,
    "lineage": "955e660e-e59d-2d13-ac07-48f71679f1b5",
    "modules": [
        {
            "path": [
                "root"
            ],
            "outputs": {},
            "resources": {
                "google_container_cluster.gke-cluster": {
                    "type": "google_container_cluster",
                    "depends_on": [],
                    "primary": {
                        "id": "gke-cluster-1",
                        "attributes": {
                            "additional_zones.#": "0",
                            "addons_config.#": "1",
                            "addons_config.0.horizontal_pod_autoscaling.#": "0",
                            "addons_config.0.http_load_balancing.#": "0",
                            "addons_config.0.kubernetes_dashboard.#": "1",
                            "addons_config.0.kubernetes_dashboard.0.disabled": "true",
                            "addons_config.0.network_policy_config.#": "1",
                            "addons_config.0.network_policy_config.0.disabled": "true",
                            "cluster_autoscaling.#": "0",
                            "cluster_ipv4_cidr": "10.12.0.0/14",
                            "description": "",
                            "enable_binary_authorization": "false",
                            "enable_kubernetes_alpha": "false",
                            "enable_legacy_abac": "false",
                            "enable_tpu": "false",
                            "endpoint": "35.190.209.213",
                            "id": "gke-cluster-1",
                            "initial_node_count": "3",
                            "instance_group_urls.#": "1",
                            "instance_group_urls.0": "https://www.googleapis.com/compute/v1/projects/clarapcp-ea-ilyas-husein/zones/europe-west1-b/instanceGroups/gke-gke-cluster-1-default-pool-6e1bf53b-grp",
                            "ip_allocation_policy.#": "0",
                            "logging_service": "logging.googleapis.com",
                            "maintenance_policy.#": "0",
                            "master_auth.#": "1",
                            "master_auth.0.client_certificate": "LS0tLS1CRUdJTiBDRVJUSUZJQ0FURS0tLS0tCk1JSUMyekNDQWNPZ0F3SUJBZ0lSQUxaUWRqb0hDS2hvWThaa1lUUnBwVEV3RFFZSktvWklodmNOQVFFTEJRQXcKTHpFdE1Dc0dBMVVFQXhNa01XVXhPV015TVRBdE5UTmpOQzAwWXprM0xXSmxaR0V0WVdVeE56Qm1PV1UxWkRkbQpNQjRYRFRFNU1ERXlOekE0TlRRME9Gb1hEVEkwTURFeU5qQTROVFEwT0Zvd0VURVBNQTBHQTFVRUF4TUdZMnhwClpXNTBNSUlCSWpBTkJna3Foa2lHOXcwQkFRRUZBQU9DQVE4QU1JSUJDZ0tDQVFFQXJ4RmpzaTUralExbWMzbjEKTGsrbGErMDVTUXAzOGlXU2NDNG94QXFJNjNaRUxScFdseS9oSmpiNWRLOTVzOWRYOWs4TURrMmg5bkFmalAycApLdlZubGRZcFFtVUJBUUdXYUVDbHhrbDMwZGhZZ25ZdnRkVzN3WjQxSnlvNnhVS1Y2SmRFUXAweW9GemtrMlo0CjhRWUJKcVB6bDJvWDV5czRvN3JlaE1qVlVyQ1lRdjBTNmoxcDd1MkEwdTVLRUdIRHB4amtOVlJvSi9IQ0NZZWwKOWFNK2REYUhlUU9hRExOU3I0Y3hZdFpFeUVwYU1IWWF0Ny9EZCtwNW9MUnRGd1I0ZkFDNTB4T2pFcy9wTjZzbgo2RkJNSlBuVDhlcGU2WHlWQ3cvc2dLcnNhY0UwWHBtSjZlWlVSL1NRakduMDBDQnlEZnB5REZjRmdJRDVxdU1ECk5zN1R1d0lEQVFBQm94QXdEakFNQmdOVkhSTUJBZjhFQWpBQU1BMEdDU3FHU0liM0RRRUJDd1VBQTRJQkFRQVIKRnN5NjRYaklSeVh6SGhSL0ZyWTBMcWNXREhMRTRrM21kVVBMT21xWHphYmZyV1owaXZNakVZTjBrRUhBMXNqbgpEMEg0ZHliVXlmUFRRTTRQbXphZjJzYVY4RlFPb0grRGU3eTVKMUM4WjV0WS85cEZ4ZzE1YVdZMEpwaDhMYUpiCklPYUJKeTVZd3FrVkw0RnB6dS9md2k0Nkx3YWd1UmdTS0MyeVpxdm50ZXZNNnRVRXAxcXViQStNVC9YTjdHQUsKSVJsYnFrNFhSSm5STjgwR0taT1FST2NWbVRCNnhsQlBNM0ZYWFcyRGJqcFZMVzlVSmQ4K0EzOHpzd2drbnJmQgpiYTBueHpDc0hickU1M3FJZ3VBWTJxTmV1S2UxQVM4VlBnYlhHQzdpcVhQK2J0NDhzQXYwNEVTaXZseVI3M3hPCmU1TjIzbGdZSWQzdyttY1hRMWdGCi0tLS0tRU5EIENFUlRJRklDQVRFLS0tLS0K",
                            "master_auth.0.client_certificate_config.#": "0",
                            "master_auth.0.client_key": "LS0tLS1CRUdJTiBSU0EgUFJJVkFURSBLRVktLS0tLQpNSUlFcEFJQkFBS0NBUUVBcnhGanNpNStqUTFtYzNuMUxrK2xhKzA1U1FwMzhpV1NjQzRveEFxSTYzWkVMUnBXCmx5L2hKamI1ZEs5NXM5ZFg5azhNRGsyaDluQWZqUDJwS3ZWbmxkWXBRbVVCQVFHV2FFQ2x4a2wzMGRoWWduWXYKdGRXM3daNDFKeW82eFVLVjZKZEVRcDB5b0Z6a2syWjQ4UVlCSnFQemwyb1g1eXM0bzdyZWhNalZVckNZUXYwUwo2ajFwN3UyQTB1NUtFR0hEcHhqa05WUm9KL0hDQ1llbDlhTStkRGFIZVFPYURMTlNyNGN4WXRaRXlFcGFNSFlhCnQ3L0RkK3A1b0xSdEZ3UjRmQUM1MHhPakVzL3BONnNuNkZCTUpQblQ4ZXBlNlh5VkN3L3NnS3JzYWNFMFhwbUoKNmVaVVIvU1FqR24wMENCeURmcHlERmNGZ0lENXF1TUROczdUdXdJREFRQUJBb0lCQUUvNmJjVlZJRk5vTDhuSgppWTBpcmJ2a29Dc1NNVUhha0UvWGhxQW8vK3d5RjJ0VGdRT0l5QjhoTmsxc2JQa1FCQXR1aVY5dmIvS1p2cEEyCndqWHg3dVN3OWlCeTdFWjlaeTB4ZTRwZXZmS01GOE5pSXVHN1JUdWEvMFZwTVhnMHR5K1BDNHd6TEpHK1hsNUkKamkvdVFsQll6a3Y2Ri9sdjhXdzdUclR5MnlIdThmRnNEaXoxdzVYYXcwRXEzQlRxeXJHQkZXdG43MHFFOC8yNgplY1p2Mk1IdWpobU9wcmp3di9saVFCcUY4cmVReXUyODdKZXlUUHprS3B6NUsvWVlmS28zRUdxODR4VHNwTkFmCkJHOS95dVFtaWlocUxTRytDajA5OWVSWXIzR3dPaEcvcDZwNkxjMkVHZFNjN0FTS2FSWnpzNlVGMnR5WVc2b0kKeUd1eTJtRUNnWUVBMVBnQnZHRVdmOWlBNmZXWThnUGJtTDZQRjdnMzhpeWNQSlk0S3BsWExJYTYzSW1DalBZVQpoYUpYNUMvMmNKRHpuYXJRcnpDVkdhSFJrOE9xeXprbXJqK0h0N0NpMTdaM3h5Q21icGhEcWNyTGR2bjNJdGpvCmxwZVVrVk5uWHlJUWhzemo5NWcrVlJCd00wNGZQOUlMcUhTc0ZISkJlTDErM0JoKzdkQ1l1Y1VDZ1lFQTBuRHQKdXF0MDlVWmEzUU5RUExsQW80a01odXNPNU5mREhjdldjamlLM3czeVIzRVdpMlljRXZuT3ZNSVgra1VPMHJLRgpKZHFQV1BURUx6ZG1oQ2JRbVVVN0MrYWNVVkE5UEZtdDJNRzc1Y3h2MXZtZmg1MzVwRVJySnVXVzFidTBpM3pEClY3OVRUNkMwajJDQkZSWTl0b3FHTXZyM0FqbEkxNjFmVHYycHIzOENnWUVBcVVDQWdLbllLN3B3bVg4cUVneW0KMVBsODF5ajhyV1p1dEdmZU0xeXlQeHpFSE1qY0RCTDF0RTZVOHpCNjluTDhhVzE3Yy85MFAyNnZGSFFJcElIRApEL0JGZCtMVlNBSW5wd1YzdjZVYkFURytDY3dXY0lkYU1YUStDbER5Y2xTc05iVlg1MG9ESDY5MHZCRjJIRTVlCkhYNjcwM1FLUEY2OUYwWVFlZ2V4bU5FQ2dZQTJXWkFzYStmVENRNmlraDZBOEY5dlhRL3RNSHd5UWo5VVRMYmYKM1JhUXNTdG5wQjlzZFR5KzhlR2hBb2ZxelRjYzE1cG53bURQV3Jmb2NlaDZMUVFtOGFoa1ZIVCswemhkZzlQUQpiWWkzdXVzUG5IekZLOW16d1MvalpkeGs2d3VnRXVMb29MTkZsMzNLb2VQMHJEL1lDMExKbStON29ZdmNtQnhMCmJGd014UUtCZ1FEQ0JBWEdQalN4RDlZWnVnTGdCTDFuZ1paNlZyMG94bFpWMTBlYXBMSHNOdm95NnZBQW15WUIKOXVrU3VIWmhzVXFObjhEZkc0T0o1Q1VPbEFNQkN5WHdkRnM4eklWOXFEZVVKRXNnWnJHbUVnakZ0VlVZc1lDMAo2WkhuTzcxV1JVVmRBUzFEVXMyZ3RSbDBQQlBUUGFVbW0wdTlaaEF0dit3b2plQXVKcC9zZUE9PQotLS0tLUVORCBSU0EgUFJJVkFURSBLRVktLS0tLQo=",
                            "master_auth.0.cluster_ca_certificate": "LS0tLS1CRUdJTiBDRVJUSUZJQ0FURS0tLS0tCk1JSURDekNDQWZPZ0F3SUJBZ0lRUVpHZEhBQ3RDVEY2cWZNcEMvUFFMekFOQmdrcWhraUc5dzBCQVFzRkFEQXYKTVMwd0t3WURWUVFERXlReFpURTVZekl4TUMwMU0yTTBMVFJqT1RjdFltVmtZUzFoWlRFM01HWTVaVFZrTjJZdwpIaGNOTVRrd01USTNNRGMxTkRRNFdoY05NalF3TVRJMk1EZzFORFE0V2pBdk1TMHdLd1lEVlFRREV5UXhaVEU1Cll6SXhNQzAxTTJNMExUUmpPVGN0WW1Wa1lTMWhaVEUzTUdZNVpUVmtOMll3Z2dFaU1BMEdDU3FHU0liM0RRRUIKQVFVQUE0SUJEd0F3Z2dFS0FvSUJBUURHNnNHak5nQkJzL2NqdjZ0djNUZzVkZmJuZmdwMGxCVXExUW4vMGRCUAphSzI1a0tTeHdlY0tTRVMxMVA1YlJZTXp1WEZTTU1CSnVSbGJPL1c2eVYrZ0VZZjM4REg4cVgySitncHRCYmVSCmVSNGJjNkNoODFlU3BTNkdVQldvMUZZU0RvaTlrWW5OeHZCYUE0N2t0ZnFaajl3a0tyWDZiRm15dGJTSFRPckwKdTNSRUcrU0ZJOCtuZ1JrSEJ4WWNTekwwd1gyVW5QNEFBbmE1ZUxzUnlCY29lT0RnbXNialNyQS94QVhXdUwrSQorMHg2SkRHamlxbGo1RWRHdkZPdytDSUk4dEk2cXMvck1lUHRWdHZCVE0zMk0yQmpJaXVvd0ZhelNiMnh1am1GCjYyV0xuYXBDNmczQmtZNml3NFdhaDA2dytIeGZHNmJRdkVrUldTSFIrOFEvQWdNQkFBR2pJekFoTUE0R0ExVWQKRHdFQi93UUVBd0lDQkRBUEJnTlZIUk1CQWY4RUJUQURBUUgvTUEwR0NTcUdTSWIzRFFFQkN3VUFBNElCQVFBagp1dk9waHpYdkpUa0U1NFF6Wm85WDJPdlovWHlTZ2xMUHdLMlVDRHpBc0ZubU1BV3lxc1JCeXk2WWI5ZEF4ZnBhClpOcHROR0wrVEprbTNoT0NCeHR5ZDVHTVNwNEFmbnRDZ2Fia1RFMVVaSDdXK3ZJQVZMVy9FbG9taGtlVFJPSnAKckRybW02aStTQzEvRnRJbk5mOFUvTUZReGVEaEZiZWZ3ZUxRRzRjUFlQUzN5b1Nsc2xnTHlCNXdHVVlHVm5OQgpQTlQxeWR4MWZpZnpYaVlUcmZiRW5ucnBIUnE1dHJKT0RqWW16NS82Vk0xWFY5dEpGYW9OMXd6MjBPWE1kMVVwCi9wMHM0U1U2em9CZm5lYWZNOUN0dEZ6YVQ1aUhzYkNaa3R3T0YvRTlOcVh3QmtRLzBGWnZEekJVYm5xMEg4SlkKRVZ0YzRGSFh1QXl4bjFlTXA2Z0YKLS0tLS1FTkQgQ0VSVElGSUNBVEUtLS0tLQo=",
                            "master_auth.0.password": "J95bw0TTEHYGutTM",
                            "master_auth.0.username": "admin",
                            "master_authorized_networks_config.#": "0",
                            "master_ipv4_cidr_block": "",
                            "master_version": "1.10.11-gke.1",
                            "monitoring_service": "monitoring.googleapis.com",
                            "name": "gke-cluster-1",
                            "network": "projects/clarapcp-ea-ilyas-husein/global/networks/claranet-test",
                            "network_policy.#": "1",
                            "network_policy.0.enabled": "false",
                            "network_policy.0.provider": "PROVIDER_UNSPECIFIED",
                            "node_config.#": "1",
                            "node_config.0.disk_size_gb": "100",
                            "node_config.0.disk_type": "pd-standard",
                            "node_config.0.guest_accelerator.#": "0",
                            "node_config.0.image_type": "COS",
                            "node_config.0.labels.%": "1",
                            "node_config.0.labels.this-is-for": "dev-cluster",
                            "node_config.0.local_ssd_count": "0",
                            "node_config.0.machine_type": "n1-standard-1",
                            "node_config.0.metadata.%": "0",
                            "node_config.0.min_cpu_platform": "",
                            "node_config.0.oauth_scopes.#": "4",
                            "node_config.0.oauth_scopes.1277378754": "https://www.googleapis.com/auth/monitoring",
                            "node_config.0.oauth_scopes.1632638332": "https://www.googleapis.com/auth/devstorage.read_only",
                            "node_config.0.oauth_scopes.172152165": "https://www.googleapis.com/auth/logging.write",
                            "node_config.0.oauth_scopes.299962681": "https://www.googleapis.com/auth/compute",
                            "node_config.0.preemptible": "false",
                            "node_config.0.service_account": "default",
                            "node_config.0.tags.#": "3",
                            "node_config.0.tags.0": "jenkins",
                            "node_config.0.tags.1": "ssh",
                            "node_config.0.tags.2": "http-server",
                            "node_config.0.taint.#": "0",
                            "node_config.0.workload_metadata_config.#": "0",
                            "node_pool.#": "1",
                            "node_pool.0.autoscaling.#": "0",
                            "node_pool.0.initial_node_count": "3",
                            "node_pool.0.instance_group_urls.#": "1",
                            "node_pool.0.instance_group_urls.0": "https://www.googleapis.com/compute/v1/projects/clarapcp-ea-ilyas-husein/zones/europe-west1-b/instanceGroupManagers/gke-gke-cluster-1-default-pool-6e1bf53b-grp",
                            "node_pool.0.management.#": "1",
                            "node_pool.0.management.0.auto_repair": "false",
                            "node_pool.0.management.0.auto_upgrade": "false",
                            "node_pool.0.max_pods_per_node": "0",
                            "node_pool.0.name": "default-pool",
                            "node_pool.0.name_prefix": "",
                            "node_pool.0.node_config.#": "1",
                            "node_pool.0.node_config.0.disk_size_gb": "100",
                            "node_pool.0.node_config.0.disk_type": "pd-standard",
                            "node_pool.0.node_config.0.guest_accelerator.#": "0",
                            "node_pool.0.node_config.0.image_type": "COS",
                            "node_pool.0.node_config.0.labels.%": "1",
                            "node_pool.0.node_config.0.labels.this-is-for": "dev-cluster",
                            "node_pool.0.node_config.0.local_ssd_count": "0",
                            "node_pool.0.node_config.0.machine_type": "n1-standard-1",
                            "node_pool.0.node_config.0.metadata.%": "0",
                            "node_pool.0.node_config.0.min_cpu_platform": "",
                            "node_pool.0.node_config.0.oauth_scopes.#": "4",
                            "node_pool.0.node_config.0.oauth_scopes.1277378754": "https://www.googleapis.com/auth/monitoring",
                            "node_pool.0.node_config.0.oauth_scopes.1632638332": "https://www.googleapis.com/auth/devstorage.read_only",
                            "node_pool.0.node_config.0.oauth_scopes.172152165": "https://www.googleapis.com/auth/logging.write",
                            "node_pool.0.node_config.0.oauth_scopes.299962681": "https://www.googleapis.com/auth/compute",
                            "node_pool.0.node_config.0.preemptible": "false",
                            "node_pool.0.node_config.0.service_account": "default",
                            "node_pool.0.node_config.0.tags.#": "3",
                            "node_pool.0.node_config.0.tags.0": "jenkins",
                            "node_pool.0.node_config.0.tags.1": "ssh",
                            "node_pool.0.node_config.0.tags.2": "http-server",
                            "node_pool.0.node_config.0.taint.#": "0",
                            "node_pool.0.node_config.0.workload_metadata_config.#": "0",
                            "node_pool.0.node_count": "3",
                            "node_pool.0.version": "1.10.11-gke.1",
                            "node_version": "1.10.11-gke.1",
                            "pod_security_policy_config.#": "0",
                            "private_cluster": "false",
                            "private_cluster_config.#": "0",
                            "project": "clarapcp-ea-ilyas-husein",
                            "resource_labels.%": "0",
                            "subnetwork": "projects/clarapcp-ea-ilyas-husein/regions/europe-west1/subnetworks/claranet-test",
                            "zone": "europe-west1-b"
                        },
                        "meta": {
                            "e2bfb730-ecaa-11e6-8f88-34363bc7c4c0": {
                                "create": 1800000000000,
                                "delete": 1800000000000,
                                "update": 600000000000
                            },
                            "schema_version": "1"
                        },
                        "tainted": false
                    },
                    "deposed": [],
                    "provider": "provider.google"
                }
            },
            "depends_on": []
        }
    ]
}
